// !$*UTF8*$!
{
	archiveVersion = 1;
	classes = {
	};
	objectVersion = 46;
	objects = {

/* Begin PBXGroup section */
		F6730CFB1C05C88A004A7B9A = {
			isa = PBXGroup;
			children = (
			);
			sourceTree = "<group>";
		};
/* End PBXGroup section */

/* Begin PBXProject section */
		F6730CFC1C05C88A004A7B9A /* Project object */ = {
			isa = PBXProject;
			attributes = {
				LastUpgradeCheck = 0710;
			};
			buildConfigurationList = F6730CFF1C05C88A004A7B9A /* Build configuration list for PBXProject "AtomparkSmsChecker" */;
			compatibilityVersion = "Xcode 3.2";
			developmentRegion = English;
			hasScannedForEncodings = 0;
			knownRegions = (
				en,
			);
			mainGroup = F6730CFB1C05C88A004A7B9A;
			projectDirPath = "";
			projectRoot = "";
			targets = (
			);
		};
/* End PBXProject section */

/* Begin XCBuildConfiguration section */
		F6730D001C05C88A004A7B9A /* Debug */ = {
			isa = XCBuildConfiguration;
			buildSettings = {
			};
			name = Debug;
		};
		F6730D011C05C88A004A7B9A /* Release */ = {
			isa = XCBuildConfiguration;
			buildSettings = {
			};
			name = Release;
		};
/* End XCBuildConfiguration section */

/* Begin XCConfigurationList section */
		F6730CFF1C05C88A004A7B9A /* Build configuration list for PBXProject "AtomparkSmsChecker" */ = {
			isa = XCConfigurationList;
			buildConfigurations = (
				F6730D001C05C88A004A7B9A /* Debug */,
				F6730D011C05C88A004A7B9A /* Release */,
			);
			defaultConfigurationIsVisible = 0;
			defaultConfigurationName = Release;
		};
/* End XCConfigurationList section */
	};
	rootObject = F6730CFC1C05C88A004A7B9A /* Project object */;
}
